
Microsoft Visual Studio Solution File, Format Version 12.00
# Visual Studio Version 16
VisualStudioVersion = 16.0.30907.101
MinimumVisualStudioVersion = 10.0.40219.1
Project("{8BC9CEB8-8B4A-11D0-8D11-00A0C91BC942}") = "Tp3Structure", "Tp3Structure\Tp3Structure.vcxproj", "{B2525683-0A70-4E38-9DEA-3CFBC5A2E837}"
EndProject
Global
	GlobalSection(SolutionConfigurationPlatforms) = preSolution
		Debug|x64 = Debug|x64
		Debug|x86 = Debug|x86
		Release|x64 = Release|x64
		Release|x86 = Release|x86
	EndGlobalSection
	GlobalSection(ProjectConfigurationPlatforms) = postSolution
		{B2525683-0A70-4E38-9DEA-3CFBC5A2E837}.Debug|x64.ActiveCfg = Debug|x64
		{B2525683-0A70-4E38-9DEA-3CFBC5A2E837}.Debug|x64.Build.0 = Debug|x64
		{B2525683-0A70-4E38-9DEA-3CFBC5A2E837}.Debug|x86.ActiveCfg = Debug|Win32
		{B2525683-0A70-4E38-9DEA-3CFBC5A2E837}.Debug|x86.Build.0 = Debug|Win32
		{B2525683-0A70-4E38-9DEA-3CFBC5A2E837}.Release|x64.ActiveCfg = Release|x64
		{B2525683-0A70-4E38-9DEA-3CFBC5A2E837}.Release|x64.Build.0 = Release|x64
		{B2525683-0A70-4E38-9DEA-3CFBC5A2E837}.Release|x86.ActiveCfg = Release|Win32
		{B2525683-0A70-4E38-9DEA-3CFBC5A2E837}.Release|x86.Build.0 = Release|Win32
	EndGlobalSection
	GlobalSection(SolutionProperties) = preSolution
		HideSolutionNode = FALSE
	EndGlobalSection
	GlobalSection(ExtensibilityGlobals) = postSolution
		SolutionGuid = {79830CF3-1B68-4FE5-9DEF-477DC11185D4}
	EndGlobalSection
EndGlobal
